
Microsoft Visual Studio Solution File, Format Version 12.00
# Visual Studio Version 17
VisualStudioVersion = 17.5.002.0
MinimumVisualStudioVersion = 10.0.40219.1
Project("{9A19103F-16F7-4668-BE54-9A1E7A4F7556}") = "StudentMangementSystem", "StudentMangementSystem\StudentMangementSystem.csproj", "{CBED4A6A-1F5D-4E46-A8BD-5973CC566690}"
EndProject
Project("{FAE04EC0-301F-11D3-BF4B-00C04F79EFBC}") = "Contracts", "Contracts\Contracts.csproj", "{76A76474-AAB8-49E0-B7D4-F2E9EBC933EA}"
EndProject
Project("{FAE04EC0-301F-11D3-BF4B-00C04F79EFBC}") = "LoggingService", "LoggingService\LoggingService.csproj", "{EBC792F2-2044-4CFA-B068-31AAEDCDCA54}"
EndProject
Project("{FAE04EC0-301F-11D3-BF4B-00C04F79EFBC}") = "Entities", "Entities\Entities.csproj", "{EB7B77AB-3AB6-4956-922D-5977653A3181}"
EndProject
Project("{FAE04EC0-301F-11D3-BF4B-00C04F79EFBC}") = "Repository", "Repository\Repository.csproj", "{C73FECA4-65BC-4CF1-BF1E-81DDC5B49B38}"
EndProject
Project("{FAE04EC0-301F-11D3-BF4B-00C04F79EFBC}") = "Service", "Service\Service.csproj", "{FD26A31F-AA67-4EEA-897C-DB7D4B45732D}"
EndProject
Project("{FAE04EC0-301F-11D3-BF4B-00C04F79EFBC}") = "Service.Contracts", "Service.Contracts\Service.Contracts.csproj", "{E7F38E58-2854-4065-AD75-14863AC1BDAF}"
EndProject
Project("{FAE04EC0-301F-11D3-BF4B-00C04F79EFBC}") = "Shared", "Shared\Shared.csproj", "{6DB88621-A5C3-479E-B203-43573A247D5D}"
EndProject
Global
	GlobalSection(SolutionConfigurationPlatforms) = preSolution
		Debug|Any CPU = Debug|Any CPU
		Release|Any CPU = Release|Any CPU
	EndGlobalSection
	GlobalSection(ProjectConfigurationPlatforms) = postSolution
		{CBED4A6A-1F5D-4E46-A8BD-5973CC566690}.Debug|Any CPU.ActiveCfg = Debug|Any CPU
		{CBED4A6A-1F5D-4E46-A8BD-5973CC566690}.Debug|Any CPU.Build.0 = Debug|Any CPU
		{CBED4A6A-1F5D-4E46-A8BD-5973CC566690}.Release|Any CPU.ActiveCfg = Release|Any CPU
		{CBED4A6A-1F5D-4E46-A8BD-5973CC566690}.Release|Any CPU.Build.0 = Release|Any CPU
		{76A76474-AAB8-49E0-B7D4-F2E9EBC933EA}.Debug|Any CPU.ActiveCfg = Debug|Any CPU
		{76A76474-AAB8-49E0-B7D4-F2E9EBC933EA}.Debug|Any CPU.Build.0 = Debug|Any CPU
		{76A76474-AAB8-49E0-B7D4-F2E9EBC933EA}.Release|Any CPU.ActiveCfg = Release|Any CPU
		{76A76474-AAB8-49E0-B7D4-F2E9EBC933EA}.Release|Any CPU.Build.0 = Release|Any CPU
		{EBC792F2-2044-4CFA-B068-31AAEDCDCA54}.Debug|Any CPU.ActiveCfg = Debug|Any CPU
		{EBC792F2-2044-4CFA-B068-31AAEDCDCA54}.Debug|Any CPU.Build.0 = Debug|Any CPU
		{EBC792F2-2044-4CFA-B068-31AAEDCDCA54}.Release|Any CPU.ActiveCfg = Release|Any CPU
		{EBC792F2-2044-4CFA-B068-31AAEDCDCA54}.Release|Any CPU.Build.0 = Release|Any CPU
		{EB7B77AB-3AB6-4956-922D-5977653A3181}.Debug|Any CPU.ActiveCfg = Debug|Any CPU
		{EB7B77AB-3AB6-4956-922D-5977653A3181}.Debug|Any CPU.Build.0 = Debug|Any CPU
		{EB7B77AB-3AB6-4956-922D-5977653A3181}.Release|Any CPU.ActiveCfg = Release|Any CPU
		{EB7B77AB-3AB6-4956-922D-5977653A3181}.Release|Any CPU.Build.0 = Release|Any CPU
		{C73FECA4-65BC-4CF1-BF1E-81DDC5B49B38}.Debug|Any CPU.ActiveCfg = Debug|Any CPU
		{C73FECA4-65BC-4CF1-BF1E-81DDC5B49B38}.Debug|Any CPU.Build.0 = Debug|Any CPU
		{C73FECA4-65BC-4CF1-BF1E-81DDC5B49B38}.Release|Any CPU.ActiveCfg = Release|Any CPU
		{C73FECA4-65BC-4CF1-BF1E-81DDC5B49B38}.Release|Any CPU.Build.0 = Release|Any CPU
		{FD26A31F-AA67-4EEA-897C-DB7D4B45732D}.Debug|Any CPU.ActiveCfg = Debug|Any CPU
		{FD26A31F-AA67-4EEA-897C-DB7D4B45732D}.Debug|Any CPU.Build.0 = Debug|Any CPU
		{FD26A31F-AA67-4EEA-897C-DB7D4B45732D}.Release|Any CPU.ActiveCfg = Release|Any CPU
		{FD26A31F-AA67-4EEA-897C-DB7D4B45732D}.Release|Any CPU.Build.0 = Release|Any CPU
		{E7F38E58-2854-4065-AD75-14863AC1BDAF}.Debug|Any CPU.ActiveCfg = Debug|Any CPU
		{E7F38E58-2854-4065-AD75-14863AC1BDAF}.Debug|Any CPU.Build.0 = Debug|Any CPU
		{E7F38E58-2854-4065-AD75-14863AC1BDAF}.Release|Any CPU.ActiveCfg = Release|Any CPU
		{E7F38E58-2854-4065-AD75-14863AC1BDAF}.Release|Any CPU.Build.0 = Release|Any CPU
		{6DB88621-A5C3-479E-B203-43573A247D5D}.Debug|Any CPU.ActiveCfg = Debug|Any CPU
		{6DB88621-A5C3-479E-B203-43573A247D5D}.Debug|Any CPU.Build.0 = Debug|Any CPU
		{6DB88621-A5C3-479E-B203-43573A247D5D}.Release|Any CPU.ActiveCfg = Release|Any CPU
		{6DB88621-A5C3-479E-B203-43573A247D5D}.Release|Any CPU.Build.0 = Release|Any CPU
	EndGlobalSection
	GlobalSection(SolutionProperties) = preSolution
		HideSolutionNode = FALSE
	EndGlobalSection
	GlobalSection(ExtensibilityGlobals) = postSolution
		SolutionGuid = {10AED71C-6B9F-4B68-8F02-775F68A75A12}
	EndGlobalSection
EndGlobal
